
Microsoft Visual Studio Solution File, Format Version 12.00
# Visual Studio Version 17
VisualStudioVersion = 17.7.34202.233
MinimumVisualStudioVersion = 10.0.40219.1
Project("{FAE04EC0-301F-11D3-BF4B-00C04F79EFBC}") = "ConsoleApp7", "ConsoleApp7\ConsoleApp7.csproj", "{5E7BACD6-FF62-4596-AF99-51E5FE19B334}"
EndProject
Global
	GlobalSection(SolutionConfigurationPlatforms) = preSolution
		Debug|Any CPU = Debug|Any CPU
		Release|Any CPU = Release|Any CPU
	EndGlobalSection
	GlobalSection(ProjectConfigurationPlatforms) = postSolution
		{5E7BACD6-FF62-4596-AF99-51E5FE19B334}.Debug|Any CPU.ActiveCfg = Debug|Any CPU
		{5E7BACD6-FF62-4596-AF99-51E5FE19B334}.Debug|Any CPU.Build.0 = Debug|Any CPU
		{5E7BACD6-FF62-4596-AF99-51E5FE19B334}.Release|Any CPU.ActiveCfg = Release|Any CPU
		{5E7BACD6-FF62-4596-AF99-51E5FE19B334}.Release|Any CPU.Build.0 = Release|Any CPU
	EndGlobalSection
	GlobalSection(SolutionProperties) = preSolution
		HideSolutionNode = FALSE
	EndGlobalSection
	GlobalSection(ExtensibilityGlobals) = postSolution
		SolutionGuid = {CD3CFE4D-E739-4FC4-B2F3-289F7378E2D0}
	EndGlobalSection
EndGlobal
